<Solution>
  <Folder Name="/src/">
    <Project Path="src/MouseHaven.Core/MouseHaven.Core.csproj" />
    <Project Path="src/MouseHaven.Windows/MouseHaven.Windows.csproj" />
  </Folder>
  <Folder Name="/tests/">
    <Project Path="tests/MouseHaven.Core.Tests/MouseHaven.Core.Tests.csproj" />
    <Project Path="tests/MouseHaven.Windows.Tests/MouseHaven.Windows.Tests.csproj" />
  </Folder>
</Solution>
